
Microsoft Visual Studio Solution File, Format Version 12.00
# Visual Studio Version 17
VisualStudioVersion = 17.7.34031.279
MinimumVisualStudioVersion = 10.0.40219.1
Project("{FAE04EC0-301F-11D3-BF4B-00C04F79EFBC}") = "MaterialTextEntry.TextControl", "MaterialTextEntry.TextControl\MaterialTextEntry.TextControl.csproj", "{C39462C8-C458-447B-A1A0-4B878ED69F1D}"
EndProject
Global
	GlobalSection(SolutionConfigurationPlatforms) = preSolution
		Debug|Any CPU = Debug|Any CPU
		Release|Any CPU = Release|Any CPU
	EndGlobalSection
	GlobalSection(ProjectConfigurationPlatforms) = postSolution
		{C39462C8-C458-447B-A1A0-4B878ED69F1D}.Debug|Any CPU.ActiveCfg = Debug|Any CPU
		{C39462C8-C458-447B-A1A0-4B878ED69F1D}.Debug|Any CPU.Build.0 = Debug|Any CPU
		{C39462C8-C458-447B-A1A0-4B878ED69F1D}.Debug|Any CPU.Deploy.0 = Debug|Any CPU
		{C39462C8-C458-447B-A1A0-4B878ED69F1D}.Release|Any CPU.ActiveCfg = Release|Any CPU
		{C39462C8-C458-447B-A1A0-4B878ED69F1D}.Release|Any CPU.Build.0 = Release|Any CPU
		{C39462C8-C458-447B-A1A0-4B878ED69F1D}.Release|Any CPU.Deploy.0 = Release|Any CPU
	EndGlobalSection
	GlobalSection(SolutionProperties) = preSolution
		HideSolutionNode = FALSE
	EndGlobalSection
	GlobalSection(ExtensibilityGlobals) = postSolution
		SolutionGuid = {C2D66F9F-CEAF-4DCE-BBB7-9DF778EA0E8A}
	EndGlobalSection
EndGlobal
